<?xml version="1.0" encoding="utf-8"?>
<Project ToolsVersion="4.0" xmlns="http://schemas.microsoft.com/developer/msbuild/2003">
  <ItemGroup>
    <Filter Include="Main">
      <UniqueIdentifier>{4FC737F1-C7A5-4376-A066-2A32D752A2FF}</UniqueIdentifier>
      <Extensions>cpp;c;cc;cxx;c++;cppm;ixx;def;odl;idl;hpj;bat;asm;asmx</Extensions>
    </Filter>
    <Filter Include="IOCPServer">
      <UniqueIdentifier>{c56617e5-a5e9-4b4d-ad7a-e8d33c41f1ce}</UniqueIdentifier>
    </Filter>
    <Filter Include="IOCPServer\Object">
      <UniqueIdentifier>{59019dad-294f-4a2b-93de-22d37320a378}</UniqueIdentifier>
    </Filter>
    <Filter Include="IOCPServer\Core">
      <UniqueIdentifier>{a5401708-ddf1-4b68-8b46-4d86628f7fb2}</UniqueIdentifier>
    </Filter>
    <Filter Include="IOCPServer\Packet">
      <UniqueIdentifier>{d0164d05-f138-4d8a-994a-7d717ea584a2}</UniqueIdentifier>
    </Filter>
    <Filter Include="IOCPServer\Core\Buffer">
      <UniqueIdentifier>{91b707b5-0c87-4493-a290-3f85a65a917c}</UniqueIdentifier>
    </Filter>
    <Filter Include="IOCPServer\Thread">
      <UniqueIdentifier>{7d01d645-82bf-4940-baa1-a77b427d3e72}</UniqueIdentifier>
    </Filter>
  </ItemGroup>
  <ItemGroup>
    <ClCompile Include="main.cpp">
      <Filter>Main</Filter>
    </ClCompile>
    <ClCompile Include="Client.cpp">
      <Filter>IOCPServer\Object</Filter>
    </ClCompile>
    <ClCompile Include="Listener.cpp">
      <Filter>IOCPServer\Object</Filter>
    </ClCompile>
    <ClCompile Include="ClientManager.cpp">
      <Filter>IOCPServer\Core</Filter>
    </ClCompile>
    <ClCompile Include="IocpServer.cpp">
      <Filter>IOCPServer\Core</Filter>
    </ClCompile>
    <ClCompile Include="jhnet.pb.cc">
      <Filter>IOCPServer\Packet</Filter>
    </ClCompile>
    <ClCompile Include="PacketManager.cpp">
      <Filter>IOCPServer\Packet</Filter>
    </ClCompile>
    <ClCompile Include="RecvBuffer.cpp">
      <Filter>IOCPServer\Core\Buffer</Filter>
    </ClCompile>
    <ClCompile Include="SendBuffer.cpp">
      <Filter>IOCPServer\Core\Buffer</Filter>
    </ClCompile>
    <ClCompile Include="ThreadManager.cpp">
      <Filter>IOCPServer\Thread</Filter>
    </ClCompile>
  </ItemGroup>
  <ItemGroup>
    <ClInclude Include="IOCPDefine.h">
      <Filter>IOCPServer</Filter>
    </ClInclude>
    <ClInclude Include="Util.h">
      <Filter>IOCPServer</Filter>
    </ClInclude>
    <ClInclude Include="Client.h">
      <Filter>IOCPServer\Object</Filter>
    </ClInclude>
    <ClInclude Include="Listener.h">
      <Filter>IOCPServer\Object</Filter>
    </ClInclude>
    <ClInclude Include="ClientManager.h">
      <Filter>IOCPServer\Core</Filter>
    </ClInclude>
    <ClInclude Include="IocpServer.h">
      <Filter>IOCPServer\Core</Filter>
    </ClInclude>
    <ClInclude Include="ObjectPool.h">
      <Filter>IOCPServer\Core</Filter>
    </ClInclude>
    <ClInclude Include="Packet.h">
      <Filter>IOCPServer\Packet</Filter>
    </ClInclude>
    <ClInclude Include="jhnet.pb.h">
      <Filter>IOCPServer\Packet</Filter>
    </ClInclude>
    <ClInclude Include="PacketManager.h">
      <Filter>IOCPServer\Packet</Filter>
    </ClInclude>
    <ClInclude Include="SendBuffer.h">
      <Filter>IOCPServer\Core\Buffer</Filter>
    </ClInclude>
    <ClInclude Include="RecvBuffer.h">
      <Filter>IOCPServer\Core\Buffer</Filter>
    </ClInclude>
    <ClInclude Include="ThreadManager.h">
      <Filter>IOCPServer\Thread</Filter>
    </ClInclude>
  </ItemGroup>
</Project>